
Microsoft Visual Studio Solution File, Format Version 12.00
# Visual Studio Version 17
VisualStudioVersion = 17.0.32126.317
MinimumVisualStudioVersion = 10.0.40219.1
Project("{9A19103F-16F7-4668-BE54-9A1E7A4F7556}") = "SingletonDesignPattern", "SingletonDesignPattern\SingletonDesignPattern.csproj", "{B0ED9C6B-8159-4ADF-ABA9-3995604A0B1E}"
EndProject
Project("{9A19103F-16F7-4668-BE54-9A1E7A4F7556}") = "FactoryDesignPattern", "FactoryDesignPattern\FactoryDesignPattern.csproj", "{4DD76166-EFD4-4DC2-BB73-A8E29E4D2E55}"
EndProject
Project("{9A19103F-16F7-4668-BE54-9A1E7A4F7556}") = "AbstractFactoryDesignPattern", "AbstractFactoryDesignPattern\AbstractFactoryDesignPattern.csproj", "{3BA8CA86-093B-425C-B92A-158E3558EEE5}"
EndProject
Project("{9A19103F-16F7-4668-BE54-9A1E7A4F7556}") = "BuilderDesignPattern", "BuilderDesignPattern\BuilderDesignPattern.csproj", "{F46EF209-1A04-4CFF-9FEB-38279276A91A}"
EndProject
Project("{FAE04EC0-301F-11D3-BF4B-00C04F79EFBC}") = "FluentInterfaceDesignPattern", "FluentInterfaceDesignPattern\FluentInterfaceDesignPattern.csproj", "{19743CFF-9EC7-427D-BC18-786B669EBB3C}"
EndProject
Project("{FAE04EC0-301F-11D3-BF4B-00C04F79EFBC}") = "PrototypeDesignPattern", "PrototypeDesignPattern\PrototypeDesignPattern.csproj", "{25781E35-3E8C-4470-B530-06C132E65DBD}"
EndProject
Global
	GlobalSection(SolutionConfigurationPlatforms) = preSolution
		Debug|Any CPU = Debug|Any CPU
		Release|Any CPU = Release|Any CPU
	EndGlobalSection
	GlobalSection(ProjectConfigurationPlatforms) = postSolution
		{B0ED9C6B-8159-4ADF-ABA9-3995604A0B1E}.Debug|Any CPU.ActiveCfg = Debug|Any CPU
		{B0ED9C6B-8159-4ADF-ABA9-3995604A0B1E}.Debug|Any CPU.Build.0 = Debug|Any CPU
		{B0ED9C6B-8159-4ADF-ABA9-3995604A0B1E}.Release|Any CPU.ActiveCfg = Release|Any CPU
		{B0ED9C6B-8159-4ADF-ABA9-3995604A0B1E}.Release|Any CPU.Build.0 = Release|Any CPU
		{4DD76166-EFD4-4DC2-BB73-A8E29E4D2E55}.Debug|Any CPU.ActiveCfg = Debug|Any CPU
		{4DD76166-EFD4-4DC2-BB73-A8E29E4D2E55}.Debug|Any CPU.Build.0 = Debug|Any CPU
		{4DD76166-EFD4-4DC2-BB73-A8E29E4D2E55}.Release|Any CPU.ActiveCfg = Release|Any CPU
		{4DD76166-EFD4-4DC2-BB73-A8E29E4D2E55}.Release|Any CPU.Build.0 = Release|Any CPU
		{3BA8CA86-093B-425C-B92A-158E3558EEE5}.Debug|Any CPU.ActiveCfg = Debug|Any CPU
		{3BA8CA86-093B-425C-B92A-158E3558EEE5}.Debug|Any CPU.Build.0 = Debug|Any CPU
		{3BA8CA86-093B-425C-B92A-158E3558EEE5}.Release|Any CPU.ActiveCfg = Release|Any CPU
		{3BA8CA86-093B-425C-B92A-158E3558EEE5}.Release|Any CPU.Build.0 = Release|Any CPU
		{F46EF209-1A04-4CFF-9FEB-38279276A91A}.Debug|Any CPU.ActiveCfg = Debug|Any CPU
		{F46EF209-1A04-4CFF-9FEB-38279276A91A}.Debug|Any CPU.Build.0 = Debug|Any CPU
		{F46EF209-1A04-4CFF-9FEB-38279276A91A}.Release|Any CPU.ActiveCfg = Release|Any CPU
		{F46EF209-1A04-4CFF-9FEB-38279276A91A}.Release|Any CPU.Build.0 = Release|Any CPU
		{19743CFF-9EC7-427D-BC18-786B669EBB3C}.Debug|Any CPU.ActiveCfg = Debug|Any CPU
		{19743CFF-9EC7-427D-BC18-786B669EBB3C}.Debug|Any CPU.Build.0 = Debug|Any CPU
		{19743CFF-9EC7-427D-BC18-786B669EBB3C}.Release|Any CPU.ActiveCfg = Release|Any CPU
		{19743CFF-9EC7-427D-BC18-786B669EBB3C}.Release|Any CPU.Build.0 = Release|Any CPU
		{25781E35-3E8C-4470-B530-06C132E65DBD}.Debug|Any CPU.ActiveCfg = Debug|Any CPU
		{25781E35-3E8C-4470-B530-06C132E65DBD}.Debug|Any CPU.Build.0 = Debug|Any CPU
		{25781E35-3E8C-4470-B530-06C132E65DBD}.Release|Any CPU.ActiveCfg = Release|Any CPU
		{25781E35-3E8C-4470-B530-06C132E65DBD}.Release|Any CPU.Build.0 = Release|Any CPU
	EndGlobalSection
	GlobalSection(SolutionProperties) = preSolution
		HideSolutionNode = FALSE
	EndGlobalSection
	GlobalSection(ExtensibilityGlobals) = postSolution
		SolutionGuid = {D85A9884-DB7D-4B70-8021-7CBC1AB1386E}
	EndGlobalSection
EndGlobal
