
Microsoft Visual Studio Solution File, Format Version 12.00
# Visual Studio Version 17
VisualStudioVersion = 17.0.32126.317
MinimumVisualStudioVersion = 10.0.40219.1
Project("{9A19103F-16F7-4668-BE54-9A1E7A4F7556}") = "AdapterDesignPattern", "AdapterDesign\AdapterDesignPattern.csproj", "{D8E99CEA-69AE-4A15-97DA-3917EAC05D7A}"
EndProject
Project("{FAE04EC0-301F-11D3-BF4B-00C04F79EFBC}") = "FacadeDesignPattern", "FacadeDesignPattern\FacadeDesignPattern.csproj", "{9EE591E3-5179-4839-87F8-7307662F94E2}"
EndProject
Project("{FAE04EC0-301F-11D3-BF4B-00C04F79EFBC}") = "DecoratorDesignPattern", "DecoratorDesignPattern\DecoratorDesignPattern.csproj", "{68264E06-A3B1-4106-8C27-EC58E541E6C1}"
EndProject
Project("{FAE04EC0-301F-11D3-BF4B-00C04F79EFBC}") = "BridgeDesignPattern", "BridgeDesignPattern\BridgeDesignPattern.csproj", "{F43D3C8C-7D24-4B38-B722-71889581B777}"
EndProject
Project("{FAE04EC0-301F-11D3-BF4B-00C04F79EFBC}") = "CompositeDesignPattern", "CompositeDesignPattern\CompositeDesignPattern.csproj", "{579278FB-1B45-4D60-83A8-E3BDA59B968F}"
EndProject
Project("{FAE04EC0-301F-11D3-BF4B-00C04F79EFBC}") = "ProxyDesignPattern", "ProxyDesignPattern\ProxyDesignPattern.csproj", "{A1829798-C292-49E1-A18B-253D7EBB659A}"
EndProject
Project("{FAE04EC0-301F-11D3-BF4B-00C04F79EFBC}") = "FlyweightDesignPattern", "FlyweightDesignPattern\FlyweightDesignPattern.csproj", "{5CFB673F-BB5F-4AD0-ACB4-5A288D794F77}"
EndProject
Global
	GlobalSection(SolutionConfigurationPlatforms) = preSolution
		Debug|Any CPU = Debug|Any CPU
		Release|Any CPU = Release|Any CPU
	EndGlobalSection
	GlobalSection(ProjectConfigurationPlatforms) = postSolution
		{D8E99CEA-69AE-4A15-97DA-3917EAC05D7A}.Debug|Any CPU.ActiveCfg = Debug|Any CPU
		{D8E99CEA-69AE-4A15-97DA-3917EAC05D7A}.Debug|Any CPU.Build.0 = Debug|Any CPU
		{D8E99CEA-69AE-4A15-97DA-3917EAC05D7A}.Release|Any CPU.ActiveCfg = Release|Any CPU
		{D8E99CEA-69AE-4A15-97DA-3917EAC05D7A}.Release|Any CPU.Build.0 = Release|Any CPU
		{9EE591E3-5179-4839-87F8-7307662F94E2}.Debug|Any CPU.ActiveCfg = Debug|Any CPU
		{9EE591E3-5179-4839-87F8-7307662F94E2}.Debug|Any CPU.Build.0 = Debug|Any CPU
		{9EE591E3-5179-4839-87F8-7307662F94E2}.Release|Any CPU.ActiveCfg = Release|Any CPU
		{9EE591E3-5179-4839-87F8-7307662F94E2}.Release|Any CPU.Build.0 = Release|Any CPU
		{68264E06-A3B1-4106-8C27-EC58E541E6C1}.Debug|Any CPU.ActiveCfg = Debug|Any CPU
		{68264E06-A3B1-4106-8C27-EC58E541E6C1}.Debug|Any CPU.Build.0 = Debug|Any CPU
		{68264E06-A3B1-4106-8C27-EC58E541E6C1}.Release|Any CPU.ActiveCfg = Release|Any CPU
		{68264E06-A3B1-4106-8C27-EC58E541E6C1}.Release|Any CPU.Build.0 = Release|Any CPU
		{F43D3C8C-7D24-4B38-B722-71889581B777}.Debug|Any CPU.ActiveCfg = Debug|Any CPU
		{F43D3C8C-7D24-4B38-B722-71889581B777}.Debug|Any CPU.Build.0 = Debug|Any CPU
		{F43D3C8C-7D24-4B38-B722-71889581B777}.Release|Any CPU.ActiveCfg = Release|Any CPU
		{F43D3C8C-7D24-4B38-B722-71889581B777}.Release|Any CPU.Build.0 = Release|Any CPU
		{579278FB-1B45-4D60-83A8-E3BDA59B968F}.Debug|Any CPU.ActiveCfg = Debug|Any CPU
		{579278FB-1B45-4D60-83A8-E3BDA59B968F}.Debug|Any CPU.Build.0 = Debug|Any CPU
		{579278FB-1B45-4D60-83A8-E3BDA59B968F}.Release|Any CPU.ActiveCfg = Release|Any CPU
		{579278FB-1B45-4D60-83A8-E3BDA59B968F}.Release|Any CPU.Build.0 = Release|Any CPU
		{A1829798-C292-49E1-A18B-253D7EBB659A}.Debug|Any CPU.ActiveCfg = Debug|Any CPU
		{A1829798-C292-49E1-A18B-253D7EBB659A}.Debug|Any CPU.Build.0 = Debug|Any CPU
		{A1829798-C292-49E1-A18B-253D7EBB659A}.Release|Any CPU.ActiveCfg = Release|Any CPU
		{A1829798-C292-49E1-A18B-253D7EBB659A}.Release|Any CPU.Build.0 = Release|Any CPU
		{5CFB673F-BB5F-4AD0-ACB4-5A288D794F77}.Debug|Any CPU.ActiveCfg = Debug|Any CPU
		{5CFB673F-BB5F-4AD0-ACB4-5A288D794F77}.Debug|Any CPU.Build.0 = Debug|Any CPU
		{5CFB673F-BB5F-4AD0-ACB4-5A288D794F77}.Release|Any CPU.ActiveCfg = Release|Any CPU
		{5CFB673F-BB5F-4AD0-ACB4-5A288D794F77}.Release|Any CPU.Build.0 = Release|Any CPU
	EndGlobalSection
	GlobalSection(SolutionProperties) = preSolution
		HideSolutionNode = FALSE
	EndGlobalSection
	GlobalSection(ExtensibilityGlobals) = postSolution
		SolutionGuid = {D1553E32-B697-453F-8CD5-5C93CEDE53A6}
	EndGlobalSection
EndGlobal
